
Microsoft Visual Studio Solution File, Format Version 12.00
Project("{FAE04EC0-301F-11D3-BF4B-00C04F79EFBC}") = "filip-vaja-MVC", "filip-vaja-MVC\filip-vaja-MVC.csproj", "{36D8CE21-C6BB-4DA7-B88F-E93FF92190CB}"
EndProject
Global
	GlobalSection(SolutionConfigurationPlatforms) = preSolution
		Debug|Any CPU = Debug|Any CPU
		Release|Any CPU = Release|Any CPU
	EndGlobalSection
	GlobalSection(ProjectConfigurationPlatforms) = postSolution
		{36D8CE21-C6BB-4DA7-B88F-E93FF92190CB}.Debug|Any CPU.ActiveCfg = Debug|Any CPU
		{36D8CE21-C6BB-4DA7-B88F-E93FF92190CB}.Debug|Any CPU.Build.0 = Debug|Any CPU
		{36D8CE21-C6BB-4DA7-B88F-E93FF92190CB}.Release|Any CPU.ActiveCfg = Release|Any CPU
		{36D8CE21-C6BB-4DA7-B88F-E93FF92190CB}.Release|Any CPU.Build.0 = Release|Any CPU
	EndGlobalSection
EndGlobal
